
Microsoft Visual Studio Solution File, Format Version 11.00
# Visual Studio 2010
Project("{FAE04EC0-301F-11D3-BF4B-00C04F79EFBC}") = "Assembly-CSharp", "Assembly-CSharp.csproj", "{cb2ff3e4-76d1-46a2-a0ba-bd584347cabc}"
EndProject
Project("{FAE04EC0-301F-11D3-BF4B-00C04F79EFBC}") = "Assembly-CSharp-Editor", "Assembly-CSharp-Editor.csproj", "{f30c8949-9336-f109-91a8-59c791ae7dff}"
EndProject
Global
	GlobalSection(SolutionConfigurationPlatforms) = preSolution
		Debug|Any CPU = Debug|Any CPU
	EndGlobalSection
	GlobalSection(ProjectConfigurationPlatforms) = postSolution
		{cb2ff3e4-76d1-46a2-a0ba-bd584347cabc}.Debug|Any CPU.ActiveCfg = Debug|Any CPU
		{cb2ff3e4-76d1-46a2-a0ba-bd584347cabc}.Debug|Any CPU.Build.0 = Debug|Any CPU
		{f30c8949-9336-f109-91a8-59c791ae7dff}.Debug|Any CPU.ActiveCfg = Debug|Any CPU
		{f30c8949-9336-f109-91a8-59c791ae7dff}.Debug|Any CPU.Build.0 = Debug|Any CPU
	EndGlobalSection
	GlobalSection(SolutionProperties) = preSolution
		HideSolutionNode = FALSE
	EndGlobalSection
EndGlobal
